{
  "name": "5.6",
  "lockfileVersion": 3,
  "requires": true,
  "packages": {
    "": {
      "dependencies": {
        "types-registry": "^0.1.697"
      },
      "devDependencies": {
        "@types/alpinejs": "^3.13.11",
        "@types/node": "^22.10.1"
      }
    },
    "node_modules/@types/alpinejs": {
      "version": "3.13.11",
      "resolved": "https://registry.npmjs.org/@types/alpinejs/-/alpinejs-3.13.11.tgz",
      "integrity": "sha512-3KhGkDixCPiLdL3Z/ok1GxHwLxEWqQOKJccgaQL01wc0EVM2tCTaqlC3NIedmxAXkVzt/V6VTM8qPgnOHKJ1MA==",
      "dev": true,
      "license": "MIT"
    },
    "node_modules/@types/node": {
      "version": "22.10.1",
      "resolved": "https://registry.npmjs.org/@types/node/-/node-22.10.1.tgz",
      "integrity": "sha512-qKgsUwfHZV2WCWLAnVP1JqnpE6Im6h3Y0+fYgMTasNQ7V++CBX5OT1as0g0f+OyubbFqhf6XVNIsmN4IIhEgGQ==",
      "dev": true,
      "license": "MIT",
      "dependencies": {
        "undici-types": "~6.20.0"
      }
    },
    "node_modules/types-registry": {
      "version": "0.1.697",
      "resolved": "https://registry.npmjs.org/types-registry/-/types-registry-0.1.697.tgz",
      "integrity": "sha512-xd9fKJSwmpmtzoI6fpR4EOPCHYywB28vLrqssFsItQouFJ8a0Ep+dY6eU+axhOqvZjBApsxtrtIGCjBpyGXd0Q==",
      "license": "MIT"
    },
    "node_modules/undici-types": {
      "version": "6.20.0",
      "resolved": "https://registry.npmjs.org/undici-types/-/undici-types-6.20.0.tgz",
      "integrity": "sha512-Ny6QZ2Nju20vw1SRHe3d9jVu6gJ+4e3+MMpqu7pqE5HT6WsTSlce++GQmK5UXS8mzV8DSYHrQH+Xrf2jVcuKNg==",
      "dev": true,
      "license": "MIT"
    }
  }
}
